
Microsoft Visual Studio Solution File, Format Version 12.00
# Visual Studio 15
VisualStudioVersion = 15.0.26430.15
MinimumVisualStudioVersion = 10.0.40219.1
Project("{FAE04EC0-301F-11D3-BF4B-00C04F79EFBC}") = "ExampleMaterialApp.Android", "ExampleMaterialApp.Android\ExampleMaterialApp.Android.csproj", "{B00F30EB-E9BE-4C0A-A978-2A4C20922DAD}"
EndProject
Project("{FAE04EC0-301F-11D3-BF4B-00C04F79EFBC}") = "ExampleMaterialApp.UWP", "ExampleMaterialApp.UWP\ExampleMaterialApp.UWP.csproj", "{AD30A378-6ADE-4704-99D0-96C9BE942589}"
EndProject
Project("{FAE04EC0-301F-11D3-BF4B-00C04F79EFBC}") = "ExampleMaterialApp.iOS", "ExampleMaterialApp.iOS\ExampleMaterialApp.iOS.csproj", "{85DFA6F2-BBF2-4037-B508-DB01756A3ED7}"
EndProject
Project("{2150E333-8FDC-42A3-9474-1A3956D46DE8}") = "lib", "lib", "{E6C9B585-DF75-4C60-8EEF-8F95135E2FE8}"
EndProject
Project("{9A19103F-16F7-4668-BE54-9A1E7A4F7556}") = "ExampleApp", "ExampleApp\ExampleApp.csproj", "{CD6A3EC2-04FE-4231-98F6-5ED09350C9C1}"
EndProject
Project("{9A19103F-16F7-4668-BE54-9A1E7A4F7556}") = "Central.MaterialControls", "..\..\src\Central.MaterialControls\Central.MaterialControls.csproj", "{03E000DA-C02B-41C2-96F6-F3171553B79A}"
EndProject
Global
	GlobalSection(SolutionConfigurationPlatforms) = preSolution
		Ad-Hoc|Any CPU = Ad-Hoc|Any CPU
		Ad-Hoc|ARM = Ad-Hoc|ARM
		Ad-Hoc|iPhone = Ad-Hoc|iPhone
		Ad-Hoc|iPhoneSimulator = Ad-Hoc|iPhoneSimulator
		Ad-Hoc|x64 = Ad-Hoc|x64
		Ad-Hoc|x86 = Ad-Hoc|x86
		AppStore|Any CPU = AppStore|Any CPU
		AppStore|ARM = AppStore|ARM
		AppStore|iPhone = AppStore|iPhone
		AppStore|iPhoneSimulator = AppStore|iPhoneSimulator
		AppStore|x64 = AppStore|x64
		AppStore|x86 = AppStore|x86
		Debug|Any CPU = Debug|Any CPU
		Debug|ARM = Debug|ARM
		Debug|iPhone = Debug|iPhone
		Debug|iPhoneSimulator = Debug|iPhoneSimulator
		Debug|x64 = Debug|x64
		Debug|x86 = Debug|x86
		Release|Any CPU = Release|Any CPU
		Release|ARM = Release|ARM
		Release|iPhone = Release|iPhone
		Release|iPhoneSimulator = Release|iPhoneSimulator
		Release|x64 = Release|x64
		Release|x86 = Release|x86
	EndGlobalSection
	GlobalSection(ProjectConfigurationPlatforms) = postSolution
		{B00F30EB-E9BE-4C0A-A978-2A4C20922DAD}.Ad-Hoc|Any CPU.ActiveCfg = Release|Any CPU
		{B00F30EB-E9BE-4C0A-A978-2A4C20922DAD}.Ad-Hoc|Any CPU.Build.0 = Release|Any CPU
		{B00F30EB-E9BE-4C0A-A978-2A4C20922DAD}.Ad-Hoc|Any CPU.Deploy.0 = Release|Any CPU
		{B00F30EB-E9BE-4C0A-A978-2A4C20922DAD}.Ad-Hoc|ARM.ActiveCfg = Release|Any CPU
		{B00F30EB-E9BE-4C0A-A978-2A4C20922DAD}.Ad-Hoc|ARM.Build.0 = Release|Any CPU
		{B00F30EB-E9BE-4C0A-A978-2A4C20922DAD}.Ad-Hoc|ARM.Deploy.0 = Release|Any CPU
		{B00F30EB-E9BE-4C0A-A978-2A4C20922DAD}.Ad-Hoc|iPhone.ActiveCfg = Release|Any CPU
		{B00F30EB-E9BE-4C0A-A978-2A4C20922DAD}.Ad-Hoc|iPhone.Build.0 = Release|Any CPU
		{B00F30EB-E9BE-4C0A-A978-2A4C20922DAD}.Ad-Hoc|iPhone.Deploy.0 = Release|Any CPU
		{B00F30EB-E9BE-4C0A-A978-2A4C20922DAD}.Ad-Hoc|iPhoneSimulator.ActiveCfg = Release|Any CPU
		{B00F30EB-E9BE-4C0A-A978-2A4C20922DAD}.Ad-Hoc|iPhoneSimulator.Build.0 = Release|Any CPU
		{B00F30EB-E9BE-4C0A-A978-2A4C20922DAD}.Ad-Hoc|iPhoneSimulator.Deploy.0 = Release|Any CPU
		{B00F30EB-E9BE-4C0A-A978-2A4C20922DAD}.Ad-Hoc|x64.ActiveCfg = Release|Any CPU
		{B00F30EB-E9BE-4C0A-A978-2A4C20922DAD}.Ad-Hoc|x64.Build.0 = Release|Any CPU
		{B00F30EB-E9BE-4C0A-A978-2A4C20922DAD}.Ad-Hoc|x64.Deploy.0 = Release|Any CPU
		{B00F30EB-E9BE-4C0A-A978-2A4C20922DAD}.Ad-Hoc|x86.ActiveCfg = Release|Any CPU
		{B00F30EB-E9BE-4C0A-A978-2A4C20922DAD}.Ad-Hoc|x86.Build.0 = Release|Any CPU
		{B00F30EB-E9BE-4C0A-A978-2A4C20922DAD}.Ad-Hoc|x86.Deploy.0 = Release|Any CPU
		{B00F30EB-E9BE-4C0A-A978-2A4C20922DAD}.AppStore|Any CPU.ActiveCfg = Release|Any CPU
		{B00F30EB-E9BE-4C0A-A978-2A4C20922DAD}.AppStore|Any CPU.Build.0 = Release|Any CPU
		{B00F30EB-E9BE-4C0A-A978-2A4C20922DAD}.AppStore|Any CPU.Deploy.0 = Release|Any CPU
		{B00F30EB-E9BE-4C0A-A978-2A4C20922DAD}.AppStore|ARM.ActiveCfg = Release|Any CPU
		{B00F30EB-E9BE-4C0A-A978-2A4C20922DAD}.AppStore|ARM.Build.0 = Release|Any CPU
		{B00F30EB-E9BE-4C0A-A978-2A4C20922DAD}.AppStore|ARM.Deploy.0 = Release|Any CPU
		{B00F30EB-E9BE-4C0A-A978-2A4C20922DAD}.AppStore|iPhone.ActiveCfg = Release|Any CPU
		{B00F30EB-E9BE-4C0A-A978-2A4C20922DAD}.AppStore|iPhone.Build.0 = Release|Any CPU
		{B00F30EB-E9BE-4C0A-A978-2A4C20922DAD}.AppStore|iPhone.Deploy.0 = Release|Any CPU
		{B00F30EB-E9BE-4C0A-A978-2A4C20922DAD}.AppStore|iPhoneSimulator.ActiveCfg = Release|Any CPU
		{B00F30EB-E9BE-4C0A-A978-2A4C20922DAD}.AppStore|iPhoneSimulator.Build.0 = Release|Any CPU
		{B00F30EB-E9BE-4C0A-A978-2A4C20922DAD}.AppStore|iPhoneSimulator.Deploy.0 = Release|Any CPU
		{B00F30EB-E9BE-4C0A-A978-2A4C20922DAD}.AppStore|x64.ActiveCfg = Release|Any CPU
		{B00F30EB-E9BE-4C0A-A978-2A4C20922DAD}.AppStore|x64.Build.0 = Release|Any CPU
		{B00F30EB-E9BE-4C0A-A978-2A4C20922DAD}.AppStore|x64.Deploy.0 = Release|Any CPU
		{B00F30EB-E9BE-4C0A-A978-2A4C20922DAD}.AppStore|x86.ActiveCfg = Release|Any CPU
		{B00F30EB-E9BE-4C0A-A978-2A4C20922DAD}.AppStore|x86.Build.0 = Release|Any CPU
		{B00F30EB-E9BE-4C0A-A978-2A4C20922DAD}.AppStore|x86.Deploy.0 = Release|Any CPU
		{B00F30EB-E9BE-4C0A-A978-2A4C20922DAD}.Debug|Any CPU.ActiveCfg = Debug|Any CPU
		{B00F30EB-E9BE-4C0A-A978-2A4C20922DAD}.Debug|Any CPU.Build.0 = Debug|Any CPU
		{B00F30EB-E9BE-4C0A-A978-2A4C20922DAD}.Debug|Any CPU.Deploy.0 = Debug|Any CPU
		{B00F30EB-E9BE-4C0A-A978-2A4C20922DAD}.Debug|ARM.ActiveCfg = Debug|Any CPU
		{B00F30EB-E9BE-4C0A-A978-2A4C20922DAD}.Debug|ARM.Build.0 = Debug|Any CPU
		{B00F30EB-E9BE-4C0A-A978-2A4C20922DAD}.Debug|ARM.Deploy.0 = Debug|Any CPU
		{B00F30EB-E9BE-4C0A-A978-2A4C20922DAD}.Debug|iPhone.ActiveCfg = Debug|Any CPU
		{B00F30EB-E9BE-4C0A-A978-2A4C20922DAD}.Debug|iPhone.Build.0 = Debug|Any CPU
		{B00F30EB-E9BE-4C0A-A978-2A4C20922DAD}.Debug|iPhone.Deploy.0 = Debug|Any CPU
		{B00F30EB-E9BE-4C0A-A978-2A4C20922DAD}.Debug|iPhoneSimulator.ActiveCfg = Debug|Any CPU
		{B00F30EB-E9BE-4C0A-A978-2A4C20922DAD}.Debug|iPhoneSimulator.Build.0 = Debug|Any CPU
		{B00F30EB-E9BE-4C0A-A978-2A4C20922DAD}.Debug|iPhoneSimulator.Deploy.0 = Debug|Any CPU
		{B00F30EB-E9BE-4C0A-A978-2A4C20922DAD}.Debug|x64.ActiveCfg = Debug|Any CPU
		{B00F30EB-E9BE-4C0A-A978-2A4C20922DAD}.Debug|x64.Build.0 = Debug|Any CPU
		{B00F30EB-E9BE-4C0A-A978-2A4C20922DAD}.Debug|x64.Deploy.0 = Debug|Any CPU
		{B00F30EB-E9BE-4C0A-A978-2A4C20922DAD}.Debug|x86.ActiveCfg = Debug|Any CPU
		{B00F30EB-E9BE-4C0A-A978-2A4C20922DAD}.Debug|x86.Build.0 = Debug|Any CPU
		{B00F30EB-E9BE-4C0A-A978-2A4C20922DAD}.Debug|x86.Deploy.0 = Debug|Any CPU
		{B00F30EB-E9BE-4C0A-A978-2A4C20922DAD}.Release|Any CPU.ActiveCfg = Release|Any CPU
		{B00F30EB-E9BE-4C0A-A978-2A4C20922DAD}.Release|Any CPU.Build.0 = Release|Any CPU
		{B00F30EB-E9BE-4C0A-A978-2A4C20922DAD}.Release|Any CPU.Deploy.0 = Release|Any CPU
		{B00F30EB-E9BE-4C0A-A978-2A4C20922DAD}.Release|ARM.ActiveCfg = Release|Any CPU
		{B00F30EB-E9BE-4C0A-A978-2A4C20922DAD}.Release|ARM.Build.0 = Release|Any CPU
		{B00F30EB-E9BE-4C0A-A978-2A4C20922DAD}.Release|ARM.Deploy.0 = Release|Any CPU
		{B00F30EB-E9BE-4C0A-A978-2A4C20922DAD}.Release|iPhone.ActiveCfg = Release|Any CPU
		{B00F30EB-E9BE-4C0A-A978-2A4C20922DAD}.Release|iPhone.Build.0 = Release|Any CPU
		{B00F30EB-E9BE-4C0A-A978-2A4C20922DAD}.Release|iPhone.Deploy.0 = Release|Any CPU
		{B00F30EB-E9BE-4C0A-A978-2A4C20922DAD}.Release|iPhoneSimulator.ActiveCfg = Release|Any CPU
		{B00F30EB-E9BE-4C0A-A978-2A4C20922DAD}.Release|iPhoneSimulator.Build.0 = Release|Any CPU
		{B00F30EB-E9BE-4C0A-A978-2A4C20922DAD}.Release|iPhoneSimulator.Deploy.0 = Release|Any CPU
		{B00F30EB-E9BE-4C0A-A978-2A4C20922DAD}.Release|x64.ActiveCfg = Release|Any CPU
		{B00F30EB-E9BE-4C0A-A978-2A4C20922DAD}.Release|x64.Build.0 = Release|Any CPU
		{B00F30EB-E9BE-4C0A-A978-2A4C20922DAD}.Release|x64.Deploy.0 = Release|Any CPU
		{B00F30EB-E9BE-4C0A-A978-2A4C20922DAD}.Release|x86.ActiveCfg = Release|Any CPU
		{B00F30EB-E9BE-4C0A-A978-2A4C20922DAD}.Release|x86.Build.0 = Release|Any CPU
		{B00F30EB-E9BE-4C0A-A978-2A4C20922DAD}.Release|x86.Deploy.0 = Release|Any CPU
		{AD30A378-6ADE-4704-99D0-96C9BE942589}.Ad-Hoc|Any CPU.ActiveCfg = Release|x86
		{AD30A378-6ADE-4704-99D0-96C9BE942589}.Ad-Hoc|Any CPU.Build.0 = Release|x86
		{AD30A378-6ADE-4704-99D0-96C9BE942589}.Ad-Hoc|Any CPU.Deploy.0 = Release|x86
		{AD30A378-6ADE-4704-99D0-96C9BE942589}.Ad-Hoc|ARM.ActiveCfg = Release|ARM
		{AD30A378-6ADE-4704-99D0-96C9BE942589}.Ad-Hoc|ARM.Build.0 = Release|ARM
		{AD30A378-6ADE-4704-99D0-96C9BE942589}.Ad-Hoc|ARM.Deploy.0 = Release|ARM
		{AD30A378-6ADE-4704-99D0-96C9BE942589}.Ad-Hoc|iPhone.ActiveCfg = Release|x86
		{AD30A378-6ADE-4704-99D0-96C9BE942589}.Ad-Hoc|iPhone.Build.0 = Release|x86
		{AD30A378-6ADE-4704-99D0-96C9BE942589}.Ad-Hoc|iPhone.Deploy.0 = Release|x86
		{AD30A378-6ADE-4704-99D0-96C9BE942589}.Ad-Hoc|iPhoneSimulator.ActiveCfg = Release|x86
		{AD30A378-6ADE-4704-99D0-96C9BE942589}.Ad-Hoc|iPhoneSimulator.Build.0 = Release|x86
		{AD30A378-6ADE-4704-99D0-96C9BE942589}.Ad-Hoc|iPhoneSimulator.Deploy.0 = Release|x86
		{AD30A378-6ADE-4704-99D0-96C9BE942589}.Ad-Hoc|x64.ActiveCfg = Release|x64
		{AD30A378-6ADE-4704-99D0-96C9BE942589}.Ad-Hoc|x64.Build.0 = Release|x64
		{AD30A378-6ADE-4704-99D0-96C9BE942589}.Ad-Hoc|x64.Deploy.0 = Release|x64
		{AD30A378-6ADE-4704-99D0-96C9BE942589}.Ad-Hoc|x86.ActiveCfg = Release|x86
		{AD30A378-6ADE-4704-99D0-96C9BE942589}.Ad-Hoc|x86.Build.0 = Release|x86
		{AD30A378-6ADE-4704-99D0-96C9BE942589}.Ad-Hoc|x86.Deploy.0 = Release|x86
		{AD30A378-6ADE-4704-99D0-96C9BE942589}.AppStore|Any CPU.ActiveCfg = Release|x86
		{AD30A378-6ADE-4704-99D0-96C9BE942589}.AppStore|Any CPU.Build.0 = Release|x86
		{AD30A378-6ADE-4704-99D0-96C9BE942589}.AppStore|Any CPU.Deploy.0 = Release|x86
		{AD30A378-6ADE-4704-99D0-96C9BE942589}.AppStore|ARM.ActiveCfg = Release|ARM
		{AD30A378-6ADE-4704-99D0-96C9BE942589}.AppStore|ARM.Build.0 = Release|ARM
		{AD30A378-6ADE-4704-99D0-96C9BE942589}.AppStore|ARM.Deploy.0 = Release|ARM
		{AD30A378-6ADE-4704-99D0-96C9BE942589}.AppStore|iPhone.ActiveCfg = Release|x86
		{AD30A378-6ADE-4704-99D0-96C9BE942589}.AppStore|iPhone.Build.0 = Release|x86
		{AD30A378-6ADE-4704-99D0-96C9BE942589}.AppStore|iPhone.Deploy.0 = Release|x86
		{AD30A378-6ADE-4704-99D0-96C9BE942589}.AppStore|iPhoneSimulator.ActiveCfg = Release|x86
		{AD30A378-6ADE-4704-99D0-96C9BE942589}.AppStore|iPhoneSimulator.Build.0 = Release|x86
		{AD30A378-6ADE-4704-99D0-96C9BE942589}.AppStore|iPhoneSimulator.Deploy.0 = Release|x86
		{AD30A378-6ADE-4704-99D0-96C9BE942589}.AppStore|x64.ActiveCfg = Release|x64
		{AD30A378-6ADE-4704-99D0-96C9BE942589}.AppStore|x64.Build.0 = Release|x64
		{AD30A378-6ADE-4704-99D0-96C9BE942589}.AppStore|x64.Deploy.0 = Release|x64
		{AD30A378-6ADE-4704-99D0-96C9BE942589}.AppStore|x86.ActiveCfg = Release|x86
		{AD30A378-6ADE-4704-99D0-96C9BE942589}.AppStore|x86.Build.0 = Release|x86
		{AD30A378-6ADE-4704-99D0-96C9BE942589}.AppStore|x86.Deploy.0 = Release|x86
		{AD30A378-6ADE-4704-99D0-96C9BE942589}.Debug|Any CPU.ActiveCfg = Debug|x86
		{AD30A378-6ADE-4704-99D0-96C9BE942589}.Debug|ARM.ActiveCfg = Debug|ARM
		{AD30A378-6ADE-4704-99D0-96C9BE942589}.Debug|ARM.Build.0 = Debug|ARM
		{AD30A378-6ADE-4704-99D0-96C9BE942589}.Debug|ARM.Deploy.0 = Debug|ARM
		{AD30A378-6ADE-4704-99D0-96C9BE942589}.Debug|iPhone.ActiveCfg = Debug|x86
		{AD30A378-6ADE-4704-99D0-96C9BE942589}.Debug|iPhoneSimulator.ActiveCfg = Debug|x86
		{AD30A378-6ADE-4704-99D0-96C9BE942589}.Debug|x64.ActiveCfg = Debug|x64
		{AD30A378-6ADE-4704-99D0-96C9BE942589}.Debug|x64.Build.0 = Debug|x64
		{AD30A378-6ADE-4704-99D0-96C9BE942589}.Debug|x64.Deploy.0 = Debug|x64
		{AD30A378-6ADE-4704-99D0-96C9BE942589}.Debug|x86.ActiveCfg = Debug|x86
		{AD30A378-6ADE-4704-99D0-96C9BE942589}.Debug|x86.Build.0 = Debug|x86
		{AD30A378-6ADE-4704-99D0-96C9BE942589}.Debug|x86.Deploy.0 = Debug|x86
		{AD30A378-6ADE-4704-99D0-96C9BE942589}.Release|Any CPU.ActiveCfg = Release|x86
		{AD30A378-6ADE-4704-99D0-96C9BE942589}.Release|ARM.ActiveCfg = Release|ARM
		{AD30A378-6ADE-4704-99D0-96C9BE942589}.Release|ARM.Build.0 = Release|ARM
		{AD30A378-6ADE-4704-99D0-96C9BE942589}.Release|ARM.Deploy.0 = Release|ARM
		{AD30A378-6ADE-4704-99D0-96C9BE942589}.Release|iPhone.ActiveCfg = Release|x86
		{AD30A378-6ADE-4704-99D0-96C9BE942589}.Release|iPhoneSimulator.ActiveCfg = Release|x86
		{AD30A378-6ADE-4704-99D0-96C9BE942589}.Release|x64.ActiveCfg = Release|x64
		{AD30A378-6ADE-4704-99D0-96C9BE942589}.Release|x64.Build.0 = Release|x64
		{AD30A378-6ADE-4704-99D0-96C9BE942589}.Release|x64.Deploy.0 = Release|x64
		{AD30A378-6ADE-4704-99D0-96C9BE942589}.Release|x86.ActiveCfg = Release|x86
		{AD30A378-6ADE-4704-99D0-96C9BE942589}.Release|x86.Build.0 = Release|x86
		{AD30A378-6ADE-4704-99D0-96C9BE942589}.Release|x86.Deploy.0 = Release|x86
		{85DFA6F2-BBF2-4037-B508-DB01756A3ED7}.Ad-Hoc|Any CPU.ActiveCfg = Ad-Hoc|iPhone
		{85DFA6F2-BBF2-4037-B508-DB01756A3ED7}.Ad-Hoc|ARM.ActiveCfg = Ad-Hoc|iPhone
		{85DFA6F2-BBF2-4037-B508-DB01756A3ED7}.Ad-Hoc|iPhone.ActiveCfg = Ad-Hoc|iPhone
		{85DFA6F2-BBF2-4037-B508-DB01756A3ED7}.Ad-Hoc|iPhone.Build.0 = Ad-Hoc|iPhone
		{85DFA6F2-BBF2-4037-B508-DB01756A3ED7}.Ad-Hoc|iPhoneSimulator.ActiveCfg = Ad-Hoc|iPhoneSimulator
		{85DFA6F2-BBF2-4037-B508-DB01756A3ED7}.Ad-Hoc|iPhoneSimulator.Build.0 = Ad-Hoc|iPhoneSimulator
		{85DFA6F2-BBF2-4037-B508-DB01756A3ED7}.Ad-Hoc|x64.ActiveCfg = Ad-Hoc|iPhone
		{85DFA6F2-BBF2-4037-B508-DB01756A3ED7}.Ad-Hoc|x86.ActiveCfg = Ad-Hoc|iPhone
		{85DFA6F2-BBF2-4037-B508-DB01756A3ED7}.AppStore|Any CPU.ActiveCfg = AppStore|iPhone
		{85DFA6F2-BBF2-4037-B508-DB01756A3ED7}.AppStore|ARM.ActiveCfg = AppStore|iPhone
		{85DFA6F2-BBF2-4037-B508-DB01756A3ED7}.AppStore|iPhone.ActiveCfg = AppStore|iPhone
		{85DFA6F2-BBF2-4037-B508-DB01756A3ED7}.AppStore|iPhone.Build.0 = AppStore|iPhone
		{85DFA6F2-BBF2-4037-B508-DB01756A3ED7}.AppStore|iPhoneSimulator.ActiveCfg = AppStore|iPhoneSimulator
		{85DFA6F2-BBF2-4037-B508-DB01756A3ED7}.AppStore|iPhoneSimulator.Build.0 = AppStore|iPhoneSimulator
		{85DFA6F2-BBF2-4037-B508-DB01756A3ED7}.AppStore|x64.ActiveCfg = AppStore|iPhone
		{85DFA6F2-BBF2-4037-B508-DB01756A3ED7}.AppStore|x86.ActiveCfg = AppStore|iPhone
		{85DFA6F2-BBF2-4037-B508-DB01756A3ED7}.Debug|Any CPU.ActiveCfg = Debug|iPhone
		{85DFA6F2-BBF2-4037-B508-DB01756A3ED7}.Debug|ARM.ActiveCfg = Debug|iPhone
		{85DFA6F2-BBF2-4037-B508-DB01756A3ED7}.Debug|iPhone.ActiveCfg = Debug|iPhone
		{85DFA6F2-BBF2-4037-B508-DB01756A3ED7}.Debug|iPhone.Build.0 = Debug|iPhone
		{85DFA6F2-BBF2-4037-B508-DB01756A3ED7}.Debug|iPhoneSimulator.ActiveCfg = Debug|iPhoneSimulator
		{85DFA6F2-BBF2-4037-B508-DB01756A3ED7}.Debug|iPhoneSimulator.Build.0 = Debug|iPhoneSimulator
		{85DFA6F2-BBF2-4037-B508-DB01756A3ED7}.Debug|x64.ActiveCfg = Debug|iPhone
		{85DFA6F2-BBF2-4037-B508-DB01756A3ED7}.Debug|x86.ActiveCfg = Debug|iPhone
		{85DFA6F2-BBF2-4037-B508-DB01756A3ED7}.Release|Any CPU.ActiveCfg = Release|iPhone
		{85DFA6F2-BBF2-4037-B508-DB01756A3ED7}.Release|ARM.ActiveCfg = Release|iPhone
		{85DFA6F2-BBF2-4037-B508-DB01756A3ED7}.Release|iPhone.ActiveCfg = Release|iPhone
		{85DFA6F2-BBF2-4037-B508-DB01756A3ED7}.Release|iPhone.Build.0 = Release|iPhone
		{85DFA6F2-BBF2-4037-B508-DB01756A3ED7}.Release|iPhoneSimulator.ActiveCfg = Release|iPhoneSimulator
		{85DFA6F2-BBF2-4037-B508-DB01756A3ED7}.Release|iPhoneSimulator.Build.0 = Release|iPhoneSimulator
		{85DFA6F2-BBF2-4037-B508-DB01756A3ED7}.Release|x64.ActiveCfg = Release|iPhone
		{85DFA6F2-BBF2-4037-B508-DB01756A3ED7}.Release|x86.ActiveCfg = Release|iPhone
		{CD6A3EC2-04FE-4231-98F6-5ED09350C9C1}.Ad-Hoc|Any CPU.ActiveCfg = Debug|Any CPU
		{CD6A3EC2-04FE-4231-98F6-5ED09350C9C1}.Ad-Hoc|Any CPU.Build.0 = Debug|Any CPU
		{CD6A3EC2-04FE-4231-98F6-5ED09350C9C1}.Ad-Hoc|ARM.ActiveCfg = Debug|Any CPU
		{CD6A3EC2-04FE-4231-98F6-5ED09350C9C1}.Ad-Hoc|ARM.Build.0 = Debug|Any CPU
		{CD6A3EC2-04FE-4231-98F6-5ED09350C9C1}.Ad-Hoc|iPhone.ActiveCfg = Debug|Any CPU
		{CD6A3EC2-04FE-4231-98F6-5ED09350C9C1}.Ad-Hoc|iPhone.Build.0 = Debug|Any CPU
		{CD6A3EC2-04FE-4231-98F6-5ED09350C9C1}.Ad-Hoc|iPhoneSimulator.ActiveCfg = Debug|Any CPU
		{CD6A3EC2-04FE-4231-98F6-5ED09350C9C1}.Ad-Hoc|iPhoneSimulator.Build.0 = Debug|Any CPU
		{CD6A3EC2-04FE-4231-98F6-5ED09350C9C1}.Ad-Hoc|x64.ActiveCfg = Debug|Any CPU
		{CD6A3EC2-04FE-4231-98F6-5ED09350C9C1}.Ad-Hoc|x64.Build.0 = Debug|Any CPU
		{CD6A3EC2-04FE-4231-98F6-5ED09350C9C1}.Ad-Hoc|x86.ActiveCfg = Debug|Any CPU
		{CD6A3EC2-04FE-4231-98F6-5ED09350C9C1}.Ad-Hoc|x86.Build.0 = Debug|Any CPU
		{CD6A3EC2-04FE-4231-98F6-5ED09350C9C1}.AppStore|Any CPU.ActiveCfg = Debug|Any CPU
		{CD6A3EC2-04FE-4231-98F6-5ED09350C9C1}.AppStore|Any CPU.Build.0 = Debug|Any CPU
		{CD6A3EC2-04FE-4231-98F6-5ED09350C9C1}.AppStore|ARM.ActiveCfg = Debug|Any CPU
		{CD6A3EC2-04FE-4231-98F6-5ED09350C9C1}.AppStore|ARM.Build.0 = Debug|Any CPU
		{CD6A3EC2-04FE-4231-98F6-5ED09350C9C1}.AppStore|iPhone.ActiveCfg = Debug|Any CPU
		{CD6A3EC2-04FE-4231-98F6-5ED09350C9C1}.AppStore|iPhone.Build.0 = Debug|Any CPU
		{CD6A3EC2-04FE-4231-98F6-5ED09350C9C1}.AppStore|iPhoneSimulator.ActiveCfg = Debug|Any CPU
		{CD6A3EC2-04FE-4231-98F6-5ED09350C9C1}.AppStore|iPhoneSimulator.Build.0 = Debug|Any CPU
		{CD6A3EC2-04FE-4231-98F6-5ED09350C9C1}.AppStore|x64.ActiveCfg = Debug|Any CPU
		{CD6A3EC2-04FE-4231-98F6-5ED09350C9C1}.AppStore|x64.Build.0 = Debug|Any CPU
		{CD6A3EC2-04FE-4231-98F6-5ED09350C9C1}.AppStore|x86.ActiveCfg = Debug|Any CPU
		{CD6A3EC2-04FE-4231-98F6-5ED09350C9C1}.AppStore|x86.Build.0 = Debug|Any CPU
		{CD6A3EC2-04FE-4231-98F6-5ED09350C9C1}.Debug|Any CPU.ActiveCfg = Debug|Any CPU
		{CD6A3EC2-04FE-4231-98F6-5ED09350C9C1}.Debug|Any CPU.Build.0 = Debug|Any CPU
		{CD6A3EC2-04FE-4231-98F6-5ED09350C9C1}.Debug|ARM.ActiveCfg = Debug|Any CPU
		{CD6A3EC2-04FE-4231-98F6-5ED09350C9C1}.Debug|ARM.Build.0 = Debug|Any CPU
		{CD6A3EC2-04FE-4231-98F6-5ED09350C9C1}.Debug|iPhone.ActiveCfg = Debug|Any CPU
		{CD6A3EC2-04FE-4231-98F6-5ED09350C9C1}.Debug|iPhone.Build.0 = Debug|Any CPU
		{CD6A3EC2-04FE-4231-98F6-5ED09350C9C1}.Debug|iPhoneSimulator.ActiveCfg = Debug|Any CPU
		{CD6A3EC2-04FE-4231-98F6-5ED09350C9C1}.Debug|iPhoneSimulator.Build.0 = Debug|Any CPU
		{CD6A3EC2-04FE-4231-98F6-5ED09350C9C1}.Debug|x64.ActiveCfg = Debug|Any CPU
		{CD6A3EC2-04FE-4231-98F6-5ED09350C9C1}.Debug|x64.Build.0 = Debug|Any CPU
		{CD6A3EC2-04FE-4231-98F6-5ED09350C9C1}.Debug|x86.ActiveCfg = Debug|Any CPU
		{CD6A3EC2-04FE-4231-98F6-5ED09350C9C1}.Debug|x86.Build.0 = Debug|Any CPU
		{CD6A3EC2-04FE-4231-98F6-5ED09350C9C1}.Release|Any CPU.ActiveCfg = Release|Any CPU
		{CD6A3EC2-04FE-4231-98F6-5ED09350C9C1}.Release|Any CPU.Build.0 = Release|Any CPU
		{CD6A3EC2-04FE-4231-98F6-5ED09350C9C1}.Release|ARM.ActiveCfg = Release|Any CPU
		{CD6A3EC2-04FE-4231-98F6-5ED09350C9C1}.Release|ARM.Build.0 = Release|Any CPU
		{CD6A3EC2-04FE-4231-98F6-5ED09350C9C1}.Release|iPhone.ActiveCfg = Release|Any CPU
		{CD6A3EC2-04FE-4231-98F6-5ED09350C9C1}.Release|iPhone.Build.0 = Release|Any CPU
		{CD6A3EC2-04FE-4231-98F6-5ED09350C9C1}.Release|iPhoneSimulator.ActiveCfg = Release|Any CPU
		{CD6A3EC2-04FE-4231-98F6-5ED09350C9C1}.Release|iPhoneSimulator.Build.0 = Release|Any CPU
		{CD6A3EC2-04FE-4231-98F6-5ED09350C9C1}.Release|x64.ActiveCfg = Release|Any CPU
		{CD6A3EC2-04FE-4231-98F6-5ED09350C9C1}.Release|x64.Build.0 = Release|Any CPU
		{CD6A3EC2-04FE-4231-98F6-5ED09350C9C1}.Release|x86.ActiveCfg = Release|Any CPU
		{CD6A3EC2-04FE-4231-98F6-5ED09350C9C1}.Release|x86.Build.0 = Release|Any CPU
		{03E000DA-C02B-41C2-96F6-F3171553B79A}.Ad-Hoc|Any CPU.ActiveCfg = Debug|Any CPU
		{03E000DA-C02B-41C2-96F6-F3171553B79A}.Ad-Hoc|Any CPU.Build.0 = Debug|Any CPU
		{03E000DA-C02B-41C2-96F6-F3171553B79A}.Ad-Hoc|ARM.ActiveCfg = Debug|Any CPU
		{03E000DA-C02B-41C2-96F6-F3171553B79A}.Ad-Hoc|ARM.Build.0 = Debug|Any CPU
		{03E000DA-C02B-41C2-96F6-F3171553B79A}.Ad-Hoc|iPhone.ActiveCfg = Debug|Any CPU
		{03E000DA-C02B-41C2-96F6-F3171553B79A}.Ad-Hoc|iPhone.Build.0 = Debug|Any CPU
		{03E000DA-C02B-41C2-96F6-F3171553B79A}.Ad-Hoc|iPhoneSimulator.ActiveCfg = Debug|Any CPU
		{03E000DA-C02B-41C2-96F6-F3171553B79A}.Ad-Hoc|iPhoneSimulator.Build.0 = Debug|Any CPU
		{03E000DA-C02B-41C2-96F6-F3171553B79A}.Ad-Hoc|x64.ActiveCfg = Debug|Any CPU
		{03E000DA-C02B-41C2-96F6-F3171553B79A}.Ad-Hoc|x64.Build.0 = Debug|Any CPU
		{03E000DA-C02B-41C2-96F6-F3171553B79A}.Ad-Hoc|x86.ActiveCfg = Debug|Any CPU
		{03E000DA-C02B-41C2-96F6-F3171553B79A}.Ad-Hoc|x86.Build.0 = Debug|Any CPU
		{03E000DA-C02B-41C2-96F6-F3171553B79A}.AppStore|Any CPU.ActiveCfg = Debug|Any CPU
		{03E000DA-C02B-41C2-96F6-F3171553B79A}.AppStore|Any CPU.Build.0 = Debug|Any CPU
		{03E000DA-C02B-41C2-96F6-F3171553B79A}.AppStore|ARM.ActiveCfg = Debug|Any CPU
		{03E000DA-C02B-41C2-96F6-F3171553B79A}.AppStore|ARM.Build.0 = Debug|Any CPU
		{03E000DA-C02B-41C2-96F6-F3171553B79A}.AppStore|iPhone.ActiveCfg = Debug|Any CPU
		{03E000DA-C02B-41C2-96F6-F3171553B79A}.AppStore|iPhone.Build.0 = Debug|Any CPU
		{03E000DA-C02B-41C2-96F6-F3171553B79A}.AppStore|iPhoneSimulator.ActiveCfg = Debug|Any CPU
		{03E000DA-C02B-41C2-96F6-F3171553B79A}.AppStore|iPhoneSimulator.Build.0 = Debug|Any CPU
		{03E000DA-C02B-41C2-96F6-F3171553B79A}.AppStore|x64.ActiveCfg = Debug|Any CPU
		{03E000DA-C02B-41C2-96F6-F3171553B79A}.AppStore|x64.Build.0 = Debug|Any CPU
		{03E000DA-C02B-41C2-96F6-F3171553B79A}.AppStore|x86.ActiveCfg = Debug|Any CPU
		{03E000DA-C02B-41C2-96F6-F3171553B79A}.AppStore|x86.Build.0 = Debug|Any CPU
		{03E000DA-C02B-41C2-96F6-F3171553B79A}.Debug|Any CPU.ActiveCfg = Debug|Any CPU
		{03E000DA-C02B-41C2-96F6-F3171553B79A}.Debug|Any CPU.Build.0 = Debug|Any CPU
		{03E000DA-C02B-41C2-96F6-F3171553B79A}.Debug|ARM.ActiveCfg = Debug|Any CPU
		{03E000DA-C02B-41C2-96F6-F3171553B79A}.Debug|ARM.Build.0 = Debug|Any CPU
		{03E000DA-C02B-41C2-96F6-F3171553B79A}.Debug|iPhone.ActiveCfg = Debug|Any CPU
		{03E000DA-C02B-41C2-96F6-F3171553B79A}.Debug|iPhone.Build.0 = Debug|Any CPU
		{03E000DA-C02B-41C2-96F6-F3171553B79A}.Debug|iPhoneSimulator.ActiveCfg = Debug|Any CPU
		{03E000DA-C02B-41C2-96F6-F3171553B79A}.Debug|iPhoneSimulator.Build.0 = Debug|Any CPU
		{03E000DA-C02B-41C2-96F6-F3171553B79A}.Debug|x64.ActiveCfg = Debug|Any CPU
		{03E000DA-C02B-41C2-96F6-F3171553B79A}.Debug|x64.Build.0 = Debug|Any CPU
		{03E000DA-C02B-41C2-96F6-F3171553B79A}.Debug|x86.ActiveCfg = Debug|Any CPU
		{03E000DA-C02B-41C2-96F6-F3171553B79A}.Debug|x86.Build.0 = Debug|Any CPU
		{03E000DA-C02B-41C2-96F6-F3171553B79A}.Release|Any CPU.ActiveCfg = Release|Any CPU
		{03E000DA-C02B-41C2-96F6-F3171553B79A}.Release|Any CPU.Build.0 = Release|Any CPU
		{03E000DA-C02B-41C2-96F6-F3171553B79A}.Release|ARM.ActiveCfg = Release|Any CPU
		{03E000DA-C02B-41C2-96F6-F3171553B79A}.Release|ARM.Build.0 = Release|Any CPU
		{03E000DA-C02B-41C2-96F6-F3171553B79A}.Release|iPhone.ActiveCfg = Release|Any CPU
		{03E000DA-C02B-41C2-96F6-F3171553B79A}.Release|iPhone.Build.0 = Release|Any CPU
		{03E000DA-C02B-41C2-96F6-F3171553B79A}.Release|iPhoneSimulator.ActiveCfg = Release|Any CPU
		{03E000DA-C02B-41C2-96F6-F3171553B79A}.Release|iPhoneSimulator.Build.0 = Release|Any CPU
		{03E000DA-C02B-41C2-96F6-F3171553B79A}.Release|x64.ActiveCfg = Release|Any CPU
		{03E000DA-C02B-41C2-96F6-F3171553B79A}.Release|x64.Build.0 = Release|Any CPU
		{03E000DA-C02B-41C2-96F6-F3171553B79A}.Release|x86.ActiveCfg = Release|Any CPU
		{03E000DA-C02B-41C2-96F6-F3171553B79A}.Release|x86.Build.0 = Release|Any CPU
	EndGlobalSection
	GlobalSection(SolutionProperties) = preSolution
		HideSolutionNode = FALSE
	EndGlobalSection
	GlobalSection(NestedProjects) = preSolution
		{03E000DA-C02B-41C2-96F6-F3171553B79A} = {E6C9B585-DF75-4C60-8EEF-8F95135E2FE8}
	EndGlobalSection
	GlobalSection(ExtensibilityGlobals) = postSolution
		SolutionGuid = {A42B1588-FB89-413C-B5C1-A6031D9C92AE}
	EndGlobalSection
EndGlobal
